
Microsoft Visual Studio Solution File, Format Version 12.00
# Visual Studio Version 17
VisualStudioVersion = 17.6.33829.357
MinimumVisualStudioVersion = 10.0.40219.1
Project("{9A19103F-16F7-4668-BE54-9A1E7A4F7556}") = "DocumentOperation.API", "DocumentOperation\DocumentOperation.API.csproj", "{AE485AE9-9DD5-4684-9129-5881233983EB}"
EndProject
Project("{9A19103F-16F7-4668-BE54-9A1E7A4F7556}") = "DocumentOperation.Data", "Data\DocumentOperation.Data.csproj", "{F76E1A85-8E5D-4462-9AE0-3FD109018A45}"
EndProject
Project("{9A19103F-16F7-4668-BE54-9A1E7A4F7556}") = "DocumentOperation.Scheduler", "Scheduler\DocumentOperation.Scheduler.csproj", "{71B87DFF-7177-4D3A-B249-9996982F4D63}"
EndProject
Project("{9A19103F-16F7-4668-BE54-9A1E7A4F7556}") = "DocumentOperation.Logging", "Logging\DocumentOperation.Logging.csproj", "{CE8D46AF-1070-4790-8175-F4F36554FFD2}"
EndProject
Project("{9A19103F-16F7-4668-BE54-9A1E7A4F7556}") = "DocumentOperation.Email", "Email\DocumentOperation.Email.csproj", "{BBDE250B-DD2C-4A81-89D6-CA76C5318A4D}"
EndProject
Project("{9A19103F-16F7-4668-BE54-9A1E7A4F7556}") = "DocumentOperation.Services", "DcumentOperation.Services\DocumentOperation.Services.csproj", "{5AA45492-A2F1-4D13-955C-5526898267D1}"
EndProject
Project("{9A19103F-16F7-4668-BE54-9A1E7A4F7556}") = "DocumentOperation.Core", "DocumentOperation.Core\DocumentOperation.Core.csproj", "{FDDB1230-DC67-4DD6-ACAE-E5CA66953C26}"
EndProject
Project("{9A19103F-16F7-4668-BE54-9A1E7A4F7556}") = "DocumentOperation.ServiceContracts", "DocumentOperation.ServiceContracts\DocumentOperation.ServiceContracts.csproj", "{C6E7BD7B-EC23-40E3-B2B2-A574B1D1B866}"
EndProject
Global
	GlobalSection(SolutionConfigurationPlatforms) = preSolution
		Debug|Any CPU = Debug|Any CPU
		Release|Any CPU = Release|Any CPU
	EndGlobalSection
	GlobalSection(ProjectConfigurationPlatforms) = postSolution
		{AE485AE9-9DD5-4684-9129-5881233983EB}.Debug|Any CPU.ActiveCfg = Debug|Any CPU
		{AE485AE9-9DD5-4684-9129-5881233983EB}.Debug|Any CPU.Build.0 = Debug|Any CPU
		{AE485AE9-9DD5-4684-9129-5881233983EB}.Release|Any CPU.ActiveCfg = Release|Any CPU
		{AE485AE9-9DD5-4684-9129-5881233983EB}.Release|Any CPU.Build.0 = Release|Any CPU
		{F76E1A85-8E5D-4462-9AE0-3FD109018A45}.Debug|Any CPU.ActiveCfg = Debug|Any CPU
		{F76E1A85-8E5D-4462-9AE0-3FD109018A45}.Debug|Any CPU.Build.0 = Debug|Any CPU
		{F76E1A85-8E5D-4462-9AE0-3FD109018A45}.Release|Any CPU.ActiveCfg = Release|Any CPU
		{F76E1A85-8E5D-4462-9AE0-3FD109018A45}.Release|Any CPU.Build.0 = Release|Any CPU
		{71B87DFF-7177-4D3A-B249-9996982F4D63}.Debug|Any CPU.ActiveCfg = Debug|Any CPU
		{71B87DFF-7177-4D3A-B249-9996982F4D63}.Debug|Any CPU.Build.0 = Debug|Any CPU
		{71B87DFF-7177-4D3A-B249-9996982F4D63}.Release|Any CPU.ActiveCfg = Release|Any CPU
		{71B87DFF-7177-4D3A-B249-9996982F4D63}.Release|Any CPU.Build.0 = Release|Any CPU
		{CE8D46AF-1070-4790-8175-F4F36554FFD2}.Debug|Any CPU.ActiveCfg = Debug|Any CPU
		{CE8D46AF-1070-4790-8175-F4F36554FFD2}.Debug|Any CPU.Build.0 = Debug|Any CPU
		{CE8D46AF-1070-4790-8175-F4F36554FFD2}.Release|Any CPU.ActiveCfg = Release|Any CPU
		{CE8D46AF-1070-4790-8175-F4F36554FFD2}.Release|Any CPU.Build.0 = Release|Any CPU
		{BBDE250B-DD2C-4A81-89D6-CA76C5318A4D}.Debug|Any CPU.ActiveCfg = Debug|Any CPU
		{BBDE250B-DD2C-4A81-89D6-CA76C5318A4D}.Debug|Any CPU.Build.0 = Debug|Any CPU
		{BBDE250B-DD2C-4A81-89D6-CA76C5318A4D}.Release|Any CPU.ActiveCfg = Release|Any CPU
		{BBDE250B-DD2C-4A81-89D6-CA76C5318A4D}.Release|Any CPU.Build.0 = Release|Any CPU
		{5AA45492-A2F1-4D13-955C-5526898267D1}.Debug|Any CPU.ActiveCfg = Debug|Any CPU
		{5AA45492-A2F1-4D13-955C-5526898267D1}.Debug|Any CPU.Build.0 = Debug|Any CPU
		{5AA45492-A2F1-4D13-955C-5526898267D1}.Release|Any CPU.ActiveCfg = Release|Any CPU
		{5AA45492-A2F1-4D13-955C-5526898267D1}.Release|Any CPU.Build.0 = Release|Any CPU
		{FDDB1230-DC67-4DD6-ACAE-E5CA66953C26}.Debug|Any CPU.ActiveCfg = Debug|Any CPU
		{FDDB1230-DC67-4DD6-ACAE-E5CA66953C26}.Debug|Any CPU.Build.0 = Debug|Any CPU
		{FDDB1230-DC67-4DD6-ACAE-E5CA66953C26}.Release|Any CPU.ActiveCfg = Release|Any CPU
		{FDDB1230-DC67-4DD6-ACAE-E5CA66953C26}.Release|Any CPU.Build.0 = Release|Any CPU
		{C6E7BD7B-EC23-40E3-B2B2-A574B1D1B866}.Debug|Any CPU.ActiveCfg = Debug|Any CPU
		{C6E7BD7B-EC23-40E3-B2B2-A574B1D1B866}.Debug|Any CPU.Build.0 = Debug|Any CPU
		{C6E7BD7B-EC23-40E3-B2B2-A574B1D1B866}.Release|Any CPU.ActiveCfg = Release|Any CPU
		{C6E7BD7B-EC23-40E3-B2B2-A574B1D1B866}.Release|Any CPU.Build.0 = Release|Any CPU
	EndGlobalSection
	GlobalSection(SolutionProperties) = preSolution
		HideSolutionNode = FALSE
	EndGlobalSection
	GlobalSection(ExtensibilityGlobals) = postSolution
		SolutionGuid = {644485AD-F121-4F54-A697-A3412463A150}
	EndGlobalSection
EndGlobal
